
Microsoft Visual Studio Solution File, Format Version 12.00
# Visual Studio Version 17
VisualStudioVersion = 17.6.33712.159
MinimumVisualStudioVersion = 10.0.40219.1
Project("{FAE04EC0-301F-11D3-BF4B-00C04F79EFBC}") = "CustomApp", "CustomApp\CustomApp.csproj", "{B1E9E48E-CA5B-465A-A447-C9C0A74ABA13}"
EndProject
Global
	GlobalSection(SolutionConfigurationPlatforms) = preSolution
		Debug|Any CPU = Debug|Any CPU
		Release|Any CPU = Release|Any CPU
	EndGlobalSection
	GlobalSection(ProjectConfigurationPlatforms) = postSolution
		{B1E9E48E-CA5B-465A-A447-C9C0A74ABA13}.Debug|Any CPU.ActiveCfg = Debug|Any CPU
		{B1E9E48E-CA5B-465A-A447-C9C0A74ABA13}.Debug|Any CPU.Build.0 = Debug|Any CPU
		{B1E9E48E-CA5B-465A-A447-C9C0A74ABA13}.Release|Any CPU.ActiveCfg = Release|Any CPU
		{B1E9E48E-CA5B-465A-A447-C9C0A74ABA13}.Release|Any CPU.Build.0 = Release|Any CPU
	EndGlobalSection
	GlobalSection(SolutionProperties) = preSolution
		HideSolutionNode = FALSE
	EndGlobalSection
	GlobalSection(ExtensibilityGlobals) = postSolution
		SolutionGuid = {5286F4FF-6407-40ED-A837-CEF154F7969C}
	EndGlobalSection
EndGlobal
