
Microsoft Visual Studio Solution File, Format Version 12.00
# Visual Studio Version 17
VisualStudioVersion = 17.5.33209.295
MinimumVisualStudioVersion = 10.0.40219.1
Project("{FAE04EC0-301F-11D3-BF4B-00C04F79EFBC}") = "CoreApp", "CoreApp\CoreApp.csproj", "{7D1F6EC4-1A8A-4F42-B5B0-E3AF8EF8075A}"
EndProject
Project("{FAE04EC0-301F-11D3-BF4B-00C04F79EFBC}") = "FrameworkApp", "FrameworkApp\FrameworkApp.csproj", "{A0FAAEB8-AC9E-4E18-8FCC-1C9B47B2ABE7}"
EndProject
Project("{2150E333-8FDC-42A3-9474-1A3956D46DE8}") = "01. Project", "01. Project", "{B5C030D6-7D24-4E9A-9C0E-E3F693BEF8DA}"
EndProject
Global
	GlobalSection(SolutionConfigurationPlatforms) = preSolution
		Debug|Any CPU = Debug|Any CPU
		Release|Any CPU = Release|Any CPU
	EndGlobalSection
	GlobalSection(ProjectConfigurationPlatforms) = postSolution
		{7D1F6EC4-1A8A-4F42-B5B0-E3AF8EF8075A}.Debug|Any CPU.ActiveCfg = Debug|Any CPU
		{7D1F6EC4-1A8A-4F42-B5B0-E3AF8EF8075A}.Debug|Any CPU.Build.0 = Debug|Any CPU
		{7D1F6EC4-1A8A-4F42-B5B0-E3AF8EF8075A}.Release|Any CPU.ActiveCfg = Release|Any CPU
		{7D1F6EC4-1A8A-4F42-B5B0-E3AF8EF8075A}.Release|Any CPU.Build.0 = Release|Any CPU
		{A0FAAEB8-AC9E-4E18-8FCC-1C9B47B2ABE7}.Debug|Any CPU.ActiveCfg = Debug|Any CPU
		{A0FAAEB8-AC9E-4E18-8FCC-1C9B47B2ABE7}.Debug|Any CPU.Build.0 = Debug|Any CPU
		{A0FAAEB8-AC9E-4E18-8FCC-1C9B47B2ABE7}.Release|Any CPU.ActiveCfg = Release|Any CPU
		{A0FAAEB8-AC9E-4E18-8FCC-1C9B47B2ABE7}.Release|Any CPU.Build.0 = Release|Any CPU
	EndGlobalSection
	GlobalSection(SolutionProperties) = preSolution
		HideSolutionNode = FALSE
	EndGlobalSection
	GlobalSection(NestedProjects) = preSolution
		{7D1F6EC4-1A8A-4F42-B5B0-E3AF8EF8075A} = {B5C030D6-7D24-4E9A-9C0E-E3F693BEF8DA}
		{A0FAAEB8-AC9E-4E18-8FCC-1C9B47B2ABE7} = {B5C030D6-7D24-4E9A-9C0E-E3F693BEF8DA}
	EndGlobalSection
	GlobalSection(ExtensibilityGlobals) = postSolution
		SolutionGuid = {1A36470D-3366-4509-B099-FDA7FE0C2202}
	EndGlobalSection
EndGlobal
