
Microsoft Visual Studio Solution File, Format Version 12.00
# Visual Studio Version 17
VisualStudioVersion = 17.6.33712.159
MinimumVisualStudioVersion = 10.0.40219.1
Project("{FAE04EC0-301F-11D3-BF4B-00C04F79EFBC}") = "Infra", "Infra\Infra.csproj", "{ABE1F123-3AE3-40F7-8641-B0D783AB9101}"
EndProject
Project("{2150E333-8FDC-42A3-9474-1A3956D46DE8}") = "Based", "Based", "{4854A3FF-4157-42AD-A7BB-2F099BFEBA42}"
EndProject
Project("{2150E333-8FDC-42A3-9474-1A3956D46DE8}") = "Partial", "Partial", "{53E3E6FB-3A74-4D4C-AA31-D05D36362192}"
EndProject
Project("{2150E333-8FDC-42A3-9474-1A3956D46DE8}") = "Studio", "Studio", "{F33823FB-D92B-46D9-9EFF-A9F710A5D8F0}"
EndProject
Project("{FAE04EC0-301F-11D3-BF4B-00C04F79EFBC}") = "Infra.Support", "Infra.Support\Infra.Support.csproj", "{B78A6852-4CDC-4DE6-88AC-74E6700BE580}"
EndProject
Project("{FAE04EC0-301F-11D3-BF4B-00C04F79EFBC}") = "Infra.Forms", "Infra.Forms\Infra.Forms.csproj", "{4734AA08-5B78-4C45-A960-378FC4F8A911}"
EndProject
Global
	GlobalSection(SolutionConfigurationPlatforms) = preSolution
		Debug|Any CPU = Debug|Any CPU
		Release|Any CPU = Release|Any CPU
	EndGlobalSection
	GlobalSection(ProjectConfigurationPlatforms) = postSolution
		{ABE1F123-3AE3-40F7-8641-B0D783AB9101}.Debug|Any CPU.ActiveCfg = Debug|Any CPU
		{ABE1F123-3AE3-40F7-8641-B0D783AB9101}.Debug|Any CPU.Build.0 = Debug|Any CPU
		{ABE1F123-3AE3-40F7-8641-B0D783AB9101}.Release|Any CPU.ActiveCfg = Release|Any CPU
		{ABE1F123-3AE3-40F7-8641-B0D783AB9101}.Release|Any CPU.Build.0 = Release|Any CPU
		{B78A6852-4CDC-4DE6-88AC-74E6700BE580}.Debug|Any CPU.ActiveCfg = Debug|Any CPU
		{B78A6852-4CDC-4DE6-88AC-74E6700BE580}.Debug|Any CPU.Build.0 = Debug|Any CPU
		{B78A6852-4CDC-4DE6-88AC-74E6700BE580}.Release|Any CPU.ActiveCfg = Release|Any CPU
		{B78A6852-4CDC-4DE6-88AC-74E6700BE580}.Release|Any CPU.Build.0 = Release|Any CPU
		{4734AA08-5B78-4C45-A960-378FC4F8A911}.Debug|Any CPU.ActiveCfg = Debug|Any CPU
		{4734AA08-5B78-4C45-A960-378FC4F8A911}.Debug|Any CPU.Build.0 = Debug|Any CPU
		{4734AA08-5B78-4C45-A960-378FC4F8A911}.Release|Any CPU.ActiveCfg = Release|Any CPU
		{4734AA08-5B78-4C45-A960-378FC4F8A911}.Release|Any CPU.Build.0 = Release|Any CPU
	EndGlobalSection
	GlobalSection(SolutionProperties) = preSolution
		HideSolutionNode = FALSE
	EndGlobalSection
	GlobalSection(NestedProjects) = preSolution
		{ABE1F123-3AE3-40F7-8641-B0D783AB9101} = {F33823FB-D92B-46D9-9EFF-A9F710A5D8F0}
		{B78A6852-4CDC-4DE6-88AC-74E6700BE580} = {4854A3FF-4157-42AD-A7BB-2F099BFEBA42}
		{4734AA08-5B78-4C45-A960-378FC4F8A911} = {53E3E6FB-3A74-4D4C-AA31-D05D36362192}
	EndGlobalSection
	GlobalSection(ExtensibilityGlobals) = postSolution
		SolutionGuid = {96473952-B634-426C-9E9F-5A2ED41330BE}
	EndGlobalSection
EndGlobal
